// !$*UTF8*$!
{
	archiveVersion = 1;
	classes = {
	};
	objectVersion = 48;
	objects = {

/* Begin PBXBuildFile section */
		7039BA661F91DCDB00A529A1 /* AppDelegate.m in Sources */ = {isa = PBXBuildFile; fileRef = 7039BA651F91DCDB00A529A1 /* AppDelegate.m */; };
		7039BA691F91DCDB00A529A1 /* ViewController.m in Sources */ = {isa = PBXBuildFile; fileRef = 7039BA681F91DCDB00A529A1 /* ViewController.m */; };
		7039BA6C1F91DCDB00A529A1 /* Main.storyboard in Resources */ = {isa = PBXBuildFile; fileRef = 7039BA6A1F91DCDB00A529A1 /* Main.storyboard */; };
		7039BA6E1F91DCDB00A529A1 /* Assets.xcassets in Resources */ = {isa = PBXBuildFile; fileRef = 7039BA6D1F91DCDB00A529A1 /* Assets.xcassets */; };
		7039BA711F91DCDB00A529A1 /* LaunchScreen.storyboard in Resources */ = {isa = PBXBuildFile; fileRef = 7039BA6F1F91DCDB00A529A1 /* LaunchScreen.storyboard */; };
		7039BA741F91DCDB00A529A1 /* main.m in Sources */ = {isa = PBXBuildFile; fileRef = 7039BA731F91DCDB00A529A1 /* main.m */; };
		7039BA7E1F91DCDB00A529A1 /* ReCoTests.m in Sources */ = {isa = PBXBuildFile; fileRef = 7039BA7D1F91DCDB00A529A1 /* ReCoTests.m */; };
		7039BA891F91DCDC00A529A1 /* ReCoUITests.m in Sources */ = {isa = PBXBuildFile; fileRef = 7039BA881F91DCDC00A529A1 /* ReCoUITests.m */; };
		704933FA1F9298FE004DA1A0 /* Utility.m in Sources */ = {isa = PBXBuildFile; fileRef = 704933F91F9298FE004DA1A0 /* Utility.m */; };
		70F9C91E1F92A8510031FF0B /* Property.m in Sources */ = {isa = PBXBuildFile; fileRef = 70F9C91D1F92A8510031FF0B /* Property.m */; };
		70F9C9211F92A8690031FF0B /* Contract.m in Sources */ = {isa = PBXBuildFile; fileRef = 70F9C9201F92A8690031FF0B /* Contract.m */; };
		70F9C9241F92A87E0031FF0B /* Expense.m in Sources */ = {isa = PBXBuildFile; fileRef = 70F9C9231F92A87E0031FF0B /* Expense.m */; };
		70F9C9271F92A8950031FF0B /* Notification.m in Sources */ = {isa = PBXBuildFile; fileRef = 70F9C9261F92A8950031FF0B /* Notification.m */; };
		70F9C92A1F92A9670031FF0B /* ContractCells.m in Sources */ = {isa = PBXBuildFile; fileRef = 70F9C9291F92A9670031FF0B /* ContractCells.m */; };
		70F9C92D1F92A97B0031FF0B /* ExpenseCells.m in Sources */ = {isa = PBXBuildFile; fileRef = 70F9C92C1F92A97B0031FF0B /* ExpenseCells.m */; };
		70F9C9301F92A98F0031FF0B /* NotificationCells.m in Sources */ = {isa = PBXBuildFile; fileRef = 70F9C92F1F92A98F0031FF0B /* NotificationCells.m */; };
		E60DE8451F9211830006C5FC /* Initial.m in Sources */ = {isa = PBXBuildFile; fileRef = E60DE8441F9211830006C5FC /* Initial.m */; };
		E60DE8481F9211CE0006C5FC /* ManagerHome.m in Sources */ = {isa = PBXBuildFile; fileRef = E60DE8471F9211CE0006C5FC /* ManagerHome.m */; };
		E60DE84B1F9211FA0006C5FC /* CreateProperty.m in Sources */ = {isa = PBXBuildFile; fileRef = E60DE84A1F9211FA0006C5FC /* CreateProperty.m */; };
		E60DE84E1F9212300006C5FC /* PropertyView.m in Sources */ = {isa = PBXBuildFile; fileRef = E60DE84D1F9212300006C5FC /* PropertyView.m */; };
		E60DE8511F92124C0006C5FC /* SpecificPropertyExpenses.m in Sources */ = {isa = PBXBuildFile; fileRef = E60DE8501F92124C0006C5FC /* SpecificPropertyExpenses.m */; };
		E60DE8541F9212730006C5FC /* SendCommunication.m in Sources */ = {isa = PBXBuildFile; fileRef = E60DE8531F9212730006C5FC /* SendCommunication.m */; };
		E60DE8571F9212840006C5FC /* RecieveCommunicationsList.m in Sources */ = {isa = PBXBuildFile; fileRef = E60DE8561F9212840006C5FC /* RecieveCommunicationsList.m */; };
		E60DE85A1F9212930006C5FC /* RecieveCommunicationsSpecific.m in Sources */ = {isa = PBXBuildFile; fileRef = E60DE8591F9212930006C5FC /* RecieveCommunicationsSpecific.m */; };
		E60DE85D1F9212B70006C5FC /* PropertyContract.m in Sources */ = {isa = PBXBuildFile; fileRef = E60DE85C1F9212B70006C5FC /* PropertyContract.m */; };
		E60DE8601F9212C80006C5FC /* PastContracts.m in Sources */ = {isa = PBXBuildFile; fileRef = E60DE85F1F9212C80006C5FC /* PastContracts.m */; };
		E60DE8631F9212E00006C5FC /* RenterHome.m in Sources */ = {isa = PBXBuildFile; fileRef = E60DE8621F9212E00006C5FC /* RenterHome.m */; };
		E60DE8661F9212F30006C5FC /* RenterPaperwork.m in Sources */ = {isa = PBXBuildFile; fileRef = E60DE8651F9212F30006C5FC /* RenterPaperwork.m */; };
		E60DE8691F92130B0006C5FC /* RenterNoProperty.m in Sources */ = {isa = PBXBuildFile; fileRef = E60DE8681F92130B0006C5FC /* RenterNoProperty.m */; };
		E60DE86C1F92131C0006C5FC /* RenterPayment.m in Sources */ = {isa = PBXBuildFile; fileRef = E60DE86B1F92131C0006C5FC /* RenterPayment.m */; };
		E60DE86F1F92132C0006C5FC /* RenterActualPayments.m in Sources */ = {isa = PBXBuildFile; fileRef = E60DE86E1F92132C0006C5FC /* RenterActualPayments.m */; };
		E60DE8781F922B250006C5FC /* ManagerExpenses.m in Sources */ = {isa = PBXBuildFile; fileRef = E60DE8771F922B250006C5FC /* ManagerExpenses.m */; };
		E61FBFE21F92B3B4004FDBCF /* ExpensesCells.m in Sources */ = {isa = PBXBuildFile; fileRef = E61FBFE11F92B3B4004FDBCF /* ExpensesCells.m */; };
		E61FBFE51F92B73D004FDBCF /* NotificationsCell.m in Sources */ = {isa = PBXBuildFile; fileRef = E61FBFE41F92B73D004FDBCF /* NotificationsCell.m */; };
		E61FBFE81F92B7C8004FDBCF /* PastContractCell.m in Sources */ = {isa = PBXBuildFile; fileRef = E61FBFE71F92B7C8004FDBCF /* PastContractCell.m */; };
		E61FBFEA1F92C0A5004FDBCF /* Screen Shot 2017-10-14 at 5.56.23 PM.png in Resources */ = {isa = PBXBuildFile; fileRef = E61FBFE91F92C0A5004FDBCF /* Screen Shot 2017-10-14 at 5.56.23 PM.png */; };
		E661EE171F9263F9004626DE /* PropertyCells.m in Sources */ = {isa = PBXBuildFile; fileRef = E661EE161F9263F9004626DE /* PropertyCells.m */; };
/* End PBXBuildFile section */

/* Begin PBXContainerItemProxy section */
		7039BA7A1F91DCDB00A529A1 /* PBXContainerItemProxy */ = {
			isa = PBXContainerItemProxy;
			containerPortal = 7039BA591F91DCDB00A529A1 /* Project object */;
			proxyType = 1;
			remoteGlobalIDString = 7039BA601F91DCDB00A529A1;
			remoteInfo = ReCo;
		};
		7039BA851F91DCDC00A529A1 /* PBXContainerItemProxy */ = {
			isa = PBXContainerItemProxy;
			containerPortal = 7039BA591F91DCDB00A529A1 /* Project object */;
			proxyType = 1;
			remoteGlobalIDString = 7039BA601F91DCDB00A529A1;
			remoteInfo = ReCo;
		};
/* End PBXContainerItemProxy section */

/* Begin PBXFileReference section */
		7039BA611F91DCDB00A529A1 /* ReCo.app */ = {isa = PBXFileReference; explicitFileType = wrapper.application; includeInIndex = 0; path = ReCo.app; sourceTree = BUILT_PRODUCTS_DIR; };
		7039BA641F91DCDB00A529A1 /* AppDelegate.h */ = {isa = PBXFileReference; lastKnownFileType = sourcecode.c.h; path = AppDelegate.h; sourceTree = "<group>"; };
		7039BA651F91DCDB00A529A1 /* AppDelegate.m */ = {isa = PBXFileReference; lastKnownFileType = sourcecode.c.objc; path = AppDelegate.m; sourceTree = "<group>"; };
		7039BA671F91DCDB00A529A1 /* ViewController.h */ = {isa = PBXFileReference; lastKnownFileType = sourcecode.c.h; path = ViewController.h; sourceTree = "<group>"; };
		7039BA681F91DCDB00A529A1 /* ViewController.m */ = {isa = PBXFileReference; lastKnownFileType = sourcecode.c.objc; path = ViewController.m; sourceTree = "<group>"; };
		7039BA6B1F91DCDB00A529A1 /* Base */ = {isa = PBXFileReference; lastKnownFileType = file.storyboard; name = Base; path = Base.lproj/Main.storyboard; sourceTree = "<group>"; };
		7039BA6D1F91DCDB00A529A1 /* Assets.xcassets */ = {isa = PBXFileReference; lastKnownFileType = folder.assetcatalog; path = Assets.xcassets; sourceTree = "<group>"; };
		7039BA701F91DCDB00A529A1 /* Base */ = {isa = PBXFileReference; lastKnownFileType = file.storyboard; name = Base; path = Base.lproj/LaunchScreen.storyboard; sourceTree = "<group>"; };
		7039BA721F91DCDB00A529A1 /* Info.plist */ = {isa = PBXFileReference; lastKnownFileType = text.plist.xml; path = Info.plist; sourceTree = "<group>"; };
		7039BA731F91DCDB00A529A1 /* main.m */ = {isa = PBXFileReference; lastKnownFileType = sourcecode.c.objc; path = main.m; sourceTree = "<group>"; };
		7039BA791F91DCDB00A529A1 /* ReCoTests.xctest */ = {isa = PBXFileReference; explicitFileType = wrapper.cfbundle; includeInIndex = 0; path = ReCoTests.xctest; sourceTree = BUILT_PRODUCTS_DIR; };
		7039BA7D1F91DCDB00A529A1 /* ReCoTests.m */ = {isa = PBXFileReference; lastKnownFileType = sourcecode.c.objc; path = ReCoTests.m; sourceTree = "<group>"; };
		7039BA7F1F91DCDC00A529A1 /* Info.plist */ = {isa = PBXFileReference; lastKnownFileType = text.plist.xml; path = Info.plist; sourceTree = "<group>"; };
		7039BA841F91DCDC00A529A1 /* ReCoUITests.xctest */ = {isa = PBXFileReference; explicitFileType = wrapper.cfbundle; includeInIndex = 0; path = ReCoUITests.xctest; sourceTree = BUILT_PRODUCTS_DIR; };
		7039BA881F91DCDC00A529A1 /* ReCoUITests.m */ = {isa = PBXFileReference; lastKnownFileType = sourcecode.c.objc; path = ReCoUITests.m; sourceTree = "<group>"; };
		7039BA8A1F91DCDC00A529A1 /* Info.plist */ = {isa = PBXFileReference; lastKnownFileType = text.plist.xml; path = Info.plist; sourceTree = "<group>"; };
		704933F81F9298FE004DA1A0 /* Utility.h */ = {isa = PBXFileReference; lastKnownFileType = sourcecode.c.h; path = Utility.h; sourceTree = "<group>"; };
		704933F91F9298FE004DA1A0 /* Utility.m */ = {isa = PBXFileReference; lastKnownFileType = sourcecode.c.objc; path = Utility.m; sourceTree = "<group>"; };
		70F9C91C1F92A8510031FF0B /* Property.h */ = {isa = PBXFileReference; lastKnownFileType = sourcecode.c.h; path = Property.h; sourceTree = "<group>"; };
		70F9C91D1F92A8510031FF0B /* Property.m */ = {isa = PBXFileReference; lastKnownFileType = sourcecode.c.objc; path = Property.m; sourceTree = "<group>"; };
		70F9C91F1F92A8690031FF0B /* Contract.h */ = {isa = PBXFileReference; lastKnownFileType = sourcecode.c.h; path = Contract.h; sourceTree = "<group>"; };
		70F9C9201F92A8690031FF0B /* Contract.m */ = {isa = PBXFileReference; lastKnownFileType = sourcecode.c.objc; path = Contract.m; sourceTree = "<group>"; };
		70F9C9221F92A87E0031FF0B /* Expense.h */ = {isa = PBXFileReference; lastKnownFileType = sourcecode.c.h; path = Expense.h; sourceTree = "<group>"; };
		70F9C9231F92A87E0031FF0B /* Expense.m */ = {isa = PBXFileReference; lastKnownFileType = sourcecode.c.objc; path = Expense.m; sourceTree = "<group>"; };
		70F9C9251F92A8950031FF0B /* Notification.h */ = {isa = PBXFileReference; lastKnownFileType = sourcecode.c.h; path = Notification.h; sourceTree = "<group>"; };
		70F9C9261F92A8950031FF0B /* Notification.m */ = {isa = PBXFileReference; lastKnownFileType = sourcecode.c.objc; path = Notification.m; sourceTree = "<group>"; };
		70F9C9281F92A9670031FF0B /* ContractCells.h */ = {isa = PBXFileReference; lastKnownFileType = sourcecode.c.h; path = ContractCells.h; sourceTree = "<group>"; };
		70F9C9291F92A9670031FF0B /* ContractCells.m */ = {isa = PBXFileReference; lastKnownFileType = sourcecode.c.objc; path = ContractCells.m; sourceTree = "<group>"; };
		70F9C92B1F92A97B0031FF0B /* ExpenseCells.h */ = {isa = PBXFileReference; lastKnownFileType = sourcecode.c.h; path = ExpenseCells.h; sourceTree = "<group>"; };
		70F9C92C1F92A97B0031FF0B /* ExpenseCells.m */ = {isa = PBXFileReference; lastKnownFileType = sourcecode.c.objc; path = ExpenseCells.m; sourceTree = "<group>"; };
		70F9C92E1F92A98F0031FF0B /* NotificationCells.h */ = {isa = PBXFileReference; lastKnownFileType = sourcecode.c.h; path = NotificationCells.h; sourceTree = "<group>"; };
		70F9C92F1F92A98F0031FF0B /* NotificationCells.m */ = {isa = PBXFileReference; lastKnownFileType = sourcecode.c.objc; path = NotificationCells.m; sourceTree = "<group>"; };
		E60DE8431F9211830006C5FC /* Initial.h */ = {isa = PBXFileReference; lastKnownFileType = sourcecode.c.h; path = Initial.h; sourceTree = "<group>"; };
		E60DE8441F9211830006C5FC /* Initial.m */ = {isa = PBXFileReference; lastKnownFileType = sourcecode.c.objc; path = Initial.m; sourceTree = "<group>"; };
		E60DE8461F9211CE0006C5FC /* ManagerHome.h */ = {isa = PBXFileReference; lastKnownFileType = sourcecode.c.h; path = ManagerHome.h; sourceTree = "<group>"; };
		E60DE8471F9211CE0006C5FC /* ManagerHome.m */ = {isa = PBXFileReference; lastKnownFileType = sourcecode.c.objc; path = ManagerHome.m; sourceTree = "<group>"; };
		E60DE8491F9211FA0006C5FC /* CreateProperty.h */ = {isa = PBXFileReference; lastKnownFileType = sourcecode.c.h; path = CreateProperty.h; sourceTree = "<group>"; };
		E60DE84A1F9211FA0006C5FC /* CreateProperty.m */ = {isa = PBXFileReference; lastKnownFileType = sourcecode.c.objc; path = CreateProperty.m; sourceTree = "<group>"; };
		E60DE84C1F9212300006C5FC /* PropertyView.h */ = {isa = PBXFileReference; lastKnownFileType = sourcecode.c.h; path = PropertyView.h; sourceTree = "<group>"; };
		E60DE84D1F9212300006C5FC /* PropertyView.m */ = {isa = PBXFileReference; lastKnownFileType = sourcecode.c.objc; path = PropertyView.m; sourceTree = "<group>"; };
		E60DE84F1F92124C0006C5FC /* SpecificPropertyExpenses.h */ = {isa = PBXFileReference; lastKnownFileType = sourcecode.c.h; path = SpecificPropertyExpenses.h; sourceTree = "<group>"; };
		E60DE8501F92124C0006C5FC /* SpecificPropertyExpenses.m */ = {isa = PBXFileReference; lastKnownFileType = sourcecode.c.objc; path = SpecificPropertyExpenses.m; sourceTree = "<group>"; };
		E60DE8521F9212730006C5FC /* SendCommunication.h */ = {isa = PBXFileReference; lastKnownFileType = sourcecode.c.h; path = SendCommunication.h; sourceTree = "<group>"; };
		E60DE8531F9212730006C5FC /* SendCommunication.m */ = {isa = PBXFileReference; lastKnownFileType = sourcecode.c.objc; path = SendCommunication.m; sourceTree = "<group>"; };
		E60DE8551F9212840006C5FC /* RecieveCommunicationsList.h */ = {isa = PBXFileReference; lastKnownFileType = sourcecode.c.h; path = RecieveCommunicationsList.h; sourceTree = "<group>"; };
		E60DE8561F9212840006C5FC /* RecieveCommunicationsList.m */ = {isa = PBXFileReference; lastKnownFileType = sourcecode.c.objc; path = RecieveCommunicationsList.m; sourceTree = "<group>"; };
		E60DE8581F9212930006C5FC /* RecieveCommunicationsSpecific.h */ = {isa = PBXFileReference; lastKnownFileType = sourcecode.c.h; path = RecieveCommunicationsSpecific.h; sourceTree = "<group>"; };
		E60DE8591F9212930006C5FC /* RecieveCommunicationsSpecific.m */ = {isa = PBXFileReference; lastKnownFileType = sourcecode.c.objc; path = RecieveCommunicationsSpecific.m; sourceTree = "<group>"; };
		E60DE85B1F9212B70006C5FC /* PropertyContract.h */ = {isa = PBXFileReference; lastKnownFileType = sourcecode.c.h; path = PropertyContract.h; sourceTree = "<group>"; };
		E60DE85C1F9212B70006C5FC /* PropertyContract.m */ = {isa = PBXFileReference; lastKnownFileType = sourcecode.c.objc; path = PropertyContract.m; sourceTree = "<group>"; };
		E60DE85E1F9212C80006C5FC /* PastContracts.h */ = {isa = PBXFileReference; lastKnownFileType = sourcecode.c.h; path = PastContracts.h; sourceTree = "<group>"; };
		E60DE85F1F9212C80006C5FC /* PastContracts.m */ = {isa = PBXFileReference; lastKnownFileType = sourcecode.c.objc; path = PastContracts.m; sourceTree = "<group>"; };
		E60DE8611F9212E00006C5FC /* RenterHome.h */ = {isa = PBXFileReference; lastKnownFileType = sourcecode.c.h; path = RenterHome.h; sourceTree = "<group>"; };
		E60DE8621F9212E00006C5FC /* RenterHome.m */ = {isa = PBXFileReference; lastKnownFileType = sourcecode.c.objc; path = RenterHome.m; sourceTree = "<group>"; };
		E60DE8641F9212F30006C5FC /* RenterPaperwork.h */ = {isa = PBXFileReference; lastKnownFileType = sourcecode.c.h; path = RenterPaperwork.h; sourceTree = "<group>"; };
		E60DE8651F9212F30006C5FC /* RenterPaperwork.m */ = {isa = PBXFileReference; lastKnownFileType = sourcecode.c.objc; path = RenterPaperwork.m; sourceTree = "<group>"; };
		E60DE8671F92130B0006C5FC /* RenterNoProperty.h */ = {isa = PBXFileReference; lastKnownFileType = sourcecode.c.h; path = RenterNoProperty.h; sourceTree = "<group>"; };
		E60DE8681F92130B0006C5FC /* RenterNoProperty.m */ = {isa = PBXFileReference; lastKnownFileType = sourcecode.c.objc; path = RenterNoProperty.m; sourceTree = "<group>"; };
		E60DE86A1F92131C0006C5FC /* RenterPayment.h */ = {isa = PBXFileReference; lastKnownFileType = sourcecode.c.h; path = RenterPayment.h; sourceTree = "<group>"; };
		E60DE86B1F92131C0006C5FC /* RenterPayment.m */ = {isa = PBXFileReference; lastKnownFileType = sourcecode.c.objc; path = RenterPayment.m; sourceTree = "<group>"; };
		E60DE86D1F92132C0006C5FC /* RenterActualPayments.h */ = {isa = PBXFileReference; lastKnownFileType = sourcecode.c.h; path = RenterActualPayments.h; sourceTree = "<group>"; };
		E60DE86E1F92132C0006C5FC /* RenterActualPayments.m */ = {isa = PBXFileReference; lastKnownFileType = sourcecode.c.objc; path = RenterActualPayments.m; sourceTree = "<group>"; };
		E60DE8761F922B250006C5FC /* ManagerExpenses.h */ = {isa = PBXFileReference; lastKnownFileType = sourcecode.c.h; path = ManagerExpenses.h; sourceTree = "<group>"; };
		E60DE8771F922B250006C5FC /* ManagerExpenses.m */ = {isa = PBXFileReference; lastKnownFileType = sourcecode.c.objc; path = ManagerExpenses.m; sourceTree = "<group>"; };
		E61FBFE01F92B3B4004FDBCF /* ExpensesCells.h */ = {isa = PBXFileReference; lastKnownFileType = sourcecode.c.h; path = ExpensesCells.h; sourceTree = "<group>"; };
		E61FBFE11F92B3B4004FDBCF /* ExpensesCells.m */ = {isa = PBXFileReference; lastKnownFileType = sourcecode.c.objc; path = ExpensesCells.m; sourceTree = "<group>"; };
		E61FBFE31F92B73D004FDBCF /* NotificationsCell.h */ = {isa = PBXFileReference; lastKnownFileType = sourcecode.c.h; path = NotificationsCell.h; sourceTree = "<group>"; };
		E61FBFE41F92B73D004FDBCF /* NotificationsCell.m */ = {isa = PBXFileReference; lastKnownFileType = sourcecode.c.objc; path = NotificationsCell.m; sourceTree = "<group>"; };
		E61FBFE61F92B7C8004FDBCF /* PastContractCell.h */ = {isa = PBXFileReference; lastKnownFileType = sourcecode.c.h; path = PastContractCell.h; sourceTree = "<group>"; };
		E61FBFE71F92B7C8004FDBCF /* PastContractCell.m */ = {isa = PBXFileReference; lastKnownFileType = sourcecode.c.objc; path = PastContractCell.m; sourceTree = "<group>"; };
		E61FBFE91F92C0A5004FDBCF /* Screen Shot 2017-10-14 at 5.56.23 PM.png */ = {isa = PBXFileReference; lastKnownFileType = image.png; name = "Screen Shot 2017-10-14 at 5.56.23 PM.png"; path = "../../../../Desktop/Screen Shot 2017-10-14 at 5.56.23 PM.png"; sourceTree = "<group>"; };
		E661EE151F9263F9004626DE /* PropertyCells.h */ = {isa = PBXFileReference; lastKnownFileType = sourcecode.c.h; path = PropertyCells.h; sourceTree = "<group>"; };
		E661EE161F9263F9004626DE /* PropertyCells.m */ = {isa = PBXFileReference; lastKnownFileType = sourcecode.c.objc; path = PropertyCells.m; sourceTree = "<group>"; };
/* End PBXFileReference section */

/* Begin PBXFrameworksBuildPhase section */
		7039BA5E1F91DCDB00A529A1 /* Frameworks */ = {
			isa = PBXFrameworksBuildPhase;
			buildActionMask = 2147483647;
			files = (
			);
			runOnlyForDeploymentPostprocessing = 0;
		};
		7039BA761F91DCDB00A529A1 /* Frameworks */ = {
			isa = PBXFrameworksBuildPhase;
			buildActionMask = 2147483647;
			files = (
			);
			runOnlyForDeploymentPostprocessing = 0;
		};
		7039BA811F91DCDC00A529A1 /* Frameworks */ = {
			isa = PBXFrameworksBuildPhase;
			buildActionMask = 2147483647;
			files = (
			);
			runOnlyForDeploymentPostprocessing = 0;
		};
/* End PBXFrameworksBuildPhase section */

/* Begin PBXGroup section */
		7039BA581F91DCDB00A529A1 = {
			isa = PBXGroup;
			children = (
				7039BA631F91DCDB00A529A1 /* ReCo */,
				7039BA7C1F91DCDB00A529A1 /* ReCoTests */,
				7039BA871F91DCDC00A529A1 /* ReCoUITests */,
				7039BA621F91DCDB00A529A1 /* Products */,
			);
			sourceTree = "<group>";
		};
		7039BA621F91DCDB00A529A1 /* Products */ = {
			isa = PBXGroup;
			children = (
				7039BA611F91DCDB00A529A1 /* ReCo.app */,
				7039BA791F91DCDB00A529A1 /* ReCoTests.xctest */,
				7039BA841F91DCDC00A529A1 /* ReCoUITests.xctest */,
			);
			name = Products;
			sourceTree = "<group>";
		};
		7039BA631F91DCDB00A529A1 /* ReCo */ = {
			isa = PBXGroup;
			children = (
				7039BA641F91DCDB00A529A1 /* AppDelegate.h */,
				7039BA651F91DCDB00A529A1 /* AppDelegate.m */,
				70F9C92B1F92A97B0031FF0B /* ExpenseCells.h */,
				70F9C92C1F92A97B0031FF0B /* ExpenseCells.m */,
				70F9C92E1F92A98F0031FF0B /* NotificationCells.h */,
				70F9C92F1F92A98F0031FF0B /* NotificationCells.m */,
				70F9C9281F92A9670031FF0B /* ContractCells.h */,
				70F9C9291F92A9670031FF0B /* ContractCells.m */,
				70F9C91C1F92A8510031FF0B /* Property.h */,
				70F9C91D1F92A8510031FF0B /* Property.m */,
				70F9C91F1F92A8690031FF0B /* Contract.h */,
				70F9C9201F92A8690031FF0B /* Contract.m */,
				70F9C9221F92A87E0031FF0B /* Expense.h */,
				70F9C9231F92A87E0031FF0B /* Expense.m */,
				70F9C9251F92A8950031FF0B /* Notification.h */,
				70F9C9261F92A8950031FF0B /* Notification.m */,
				7039BA671F91DCDB00A529A1 /* ViewController.h */,
				7039BA681F91DCDB00A529A1 /* ViewController.m */,
				704933F81F9298FE004DA1A0 /* Utility.h */,
				704933F91F9298FE004DA1A0 /* Utility.m */,
				E60DE8431F9211830006C5FC /* Initial.h */,
				E60DE8441F9211830006C5FC /* Initial.m */,
				E60DE8461F9211CE0006C5FC /* ManagerHome.h */,
				E60DE8471F9211CE0006C5FC /* ManagerHome.m */,
				E60DE8491F9211FA0006C5FC /* CreateProperty.h */,
				E60DE84A1F9211FA0006C5FC /* CreateProperty.m */,
				E60DE84C1F9212300006C5FC /* PropertyView.h */,
				E60DE84D1F9212300006C5FC /* PropertyView.m */,
				E661EE151F9263F9004626DE /* PropertyCells.h */,
				E661EE161F9263F9004626DE /* PropertyCells.m */,
				E61FBFE01F92B3B4004FDBCF /* ExpensesCells.h */,
				E61FBFE11F92B3B4004FDBCF /* ExpensesCells.m */,
				E61FBFE31F92B73D004FDBCF /* NotificationsCell.h */,
				E61FBFE41F92B73D004FDBCF /* NotificationsCell.m */,
				E61FBFE61F92B7C8004FDBCF /* PastContractCell.h */,
				E61FBFE71F92B7C8004FDBCF /* PastContractCell.m */,
				E60DE84F1F92124C0006C5FC /* SpecificPropertyExpenses.h */,
				E60DE8501F92124C0006C5FC /* SpecificPropertyExpenses.m */,
				E60DE8521F9212730006C5FC /* SendCommunication.h */,
				E60DE8531F9212730006C5FC /* SendCommunication.m */,
				E60DE8551F9212840006C5FC /* RecieveCommunicationsList.h */,
				E60DE8561F9212840006C5FC /* RecieveCommunicationsList.m */,
				E60DE85B1F9212B70006C5FC /* PropertyContract.h */,
				E60DE85C1F9212B70006C5FC /* PropertyContract.m */,
				E60DE8761F922B250006C5FC /* ManagerExpenses.h */,
				E60DE8771F922B250006C5FC /* ManagerExpenses.m */,
				E60DE8581F9212930006C5FC /* RecieveCommunicationsSpecific.h */,
				E60DE8591F9212930006C5FC /* RecieveCommunicationsSpecific.m */,
				E60DE85E1F9212C80006C5FC /* PastContracts.h */,
				E60DE85F1F9212C80006C5FC /* PastContracts.m */,
				E60DE8671F92130B0006C5FC /* RenterNoProperty.h */,
				E60DE8681F92130B0006C5FC /* RenterNoProperty.m */,
				E60DE8611F9212E00006C5FC /* RenterHome.h */,
				E60DE8621F9212E00006C5FC /* RenterHome.m */,
				E60DE8641F9212F30006C5FC /* RenterPaperwork.h */,
				E60DE8651F9212F30006C5FC /* RenterPaperwork.m */,
				E60DE86D1F92132C0006C5FC /* RenterActualPayments.h */,
				E60DE86E1F92132C0006C5FC /* RenterActualPayments.m */,
				E60DE86A1F92131C0006C5FC /* RenterPayment.h */,
				E60DE86B1F92131C0006C5FC /* RenterPayment.m */,
				7039BA6A1F91DCDB00A529A1 /* Main.storyboard */,
				E61FBFE91F92C0A5004FDBCF /* Screen Shot 2017-10-14 at 5.56.23 PM.png */,
				7039BA6D1F91DCDB00A529A1 /* Assets.xcassets */,
				7039BA6F1F91DCDB00A529A1 /* LaunchScreen.storyboard */,
				7039BA721F91DCDB00A529A1 /* Info.plist */,
				7039BA731F91DCDB00A529A1 /* main.m */,
			);
			path = ReCo;
			sourceTree = "<group>";
		};
		7039BA7C1F91DCDB00A529A1 /* ReCoTests */ = {
			isa = PBXGroup;
			children = (
				7039BA7D1F91DCDB00A529A1 /* ReCoTests.m */,
				7039BA7F1F91DCDC00A529A1 /* Info.plist */,
			);
			path = ReCoTests;
			sourceTree = "<group>";
		};
		7039BA871F91DCDC00A529A1 /* ReCoUITests */ = {
			isa = PBXGroup;
			children = (
				7039BA881F91DCDC00A529A1 /* ReCoUITests.m */,
				7039BA8A1F91DCDC00A529A1 /* Info.plist */,
			);
			path = ReCoUITests;
			sourceTree = "<group>";
		};
/* End PBXGroup section */

/* Begin PBXNativeTarget section */
		7039BA601F91DCDB00A529A1 /* ReCo */ = {
			isa = PBXNativeTarget;
			buildConfigurationList = 7039BA8D1F91DCDC00A529A1 /* Build configuration list for PBXNativeTarget "ReCo" */;
			buildPhases = (
				7039BA5D1F91DCDB00A529A1 /* Sources */,
				7039BA5E1F91DCDB00A529A1 /* Frameworks */,
				7039BA5F1F91DCDB00A529A1 /* Resources */,
			);
			buildRules = (
			);
			dependencies = (
			);
			name = ReCo;
			productName = ReCo;
			productReference = 7039BA611F91DCDB00A529A1 /* ReCo.app */;
			productType = "com.apple.product-type.application";
		};
		7039BA781F91DCDB00A529A1 /* ReCoTests */ = {
			isa = PBXNativeTarget;
			buildConfigurationList = 7039BA901F91DCDC00A529A1 /* Build configuration list for PBXNativeTarget "ReCoTests" */;
			buildPhases = (
				7039BA751F91DCDB00A529A1 /* Sources */,
				7039BA761F91DCDB00A529A1 /* Frameworks */,
				7039BA771F91DCDB00A529A1 /* Resources */,
			);
			buildRules = (
			);
			dependencies = (
				7039BA7B1F91DCDB00A529A1 /* PBXTargetDependency */,
			);
			name = ReCoTests;
			productName = ReCoTests;
			productReference = 7039BA791F91DCDB00A529A1 /* ReCoTests.xctest */;
			productType = "com.apple.product-type.bundle.unit-test";
		};
		7039BA831F91DCDC00A529A1 /* ReCoUITests */ = {
			isa = PBXNativeTarget;
			buildConfigurationList = 7039BA931F91DCDC00A529A1 /* Build configuration list for PBXNativeTarget "ReCoUITests" */;
			buildPhases = (
				7039BA801F91DCDC00A529A1 /* Sources */,
				7039BA811F91DCDC00A529A1 /* Frameworks */,
				7039BA821F91DCDC00A529A1 /* Resources */,
			);
			buildRules = (
			);
			dependencies = (
				7039BA861F91DCDC00A529A1 /* PBXTargetDependency */,
			);
			name = ReCoUITests;
			productName = ReCoUITests;
			productReference = 7039BA841F91DCDC00A529A1 /* ReCoUITests.xctest */;
			productType = "com.apple.product-type.bundle.ui-testing";
		};
/* End PBXNativeTarget section */

/* Begin PBXProject section */
		7039BA591F91DCDB00A529A1 /* Project object */ = {
			isa = PBXProject;
			attributes = {
				LastUpgradeCheck = 0900;
				ORGANIZATIONNAME = ARA;
				TargetAttributes = {
					7039BA601F91DCDB00A529A1 = {
						CreatedOnToolsVersion = 9.0;
						ProvisioningStyle = Automatic;
					};
					7039BA781F91DCDB00A529A1 = {
						CreatedOnToolsVersion = 9.0;
						ProvisioningStyle = Automatic;
						TestTargetID = 7039BA601F91DCDB00A529A1;
					};
					7039BA831F91DCDC00A529A1 = {
						CreatedOnToolsVersion = 9.0;
						ProvisioningStyle = Automatic;
						TestTargetID = 7039BA601F91DCDB00A529A1;
					};
				};
			};
			buildConfigurationList = 7039BA5C1F91DCDB00A529A1 /* Build configuration list for PBXProject "ReCo" */;
			compatibilityVersion = "Xcode 8.0";
			developmentRegion = en;
			hasScannedForEncodings = 0;
			knownRegions = (
				en,
				Base,
			);
			mainGroup = 7039BA581F91DCDB00A529A1;
			productRefGroup = 7039BA621F91DCDB00A529A1 /* Products */;
			projectDirPath = "";
			projectRoot = "";
			targets = (
				7039BA601F91DCDB00A529A1 /* ReCo */,
				7039BA781F91DCDB00A529A1 /* ReCoTests */,
				7039BA831F91DCDC00A529A1 /* ReCoUITests */,
			);
		};
/* End PBXProject section */

/* Begin PBXResourcesBuildPhase section */
		7039BA5F1F91DCDB00A529A1 /* Resources */ = {
			isa = PBXResourcesBuildPhase;
			buildActionMask = 2147483647;
			files = (
				7039BA711F91DCDB00A529A1 /* LaunchScreen.storyboard in Resources */,
				7039BA6E1F91DCDB00A529A1 /* Assets.xcassets in Resources */,
				E61FBFEA1F92C0A5004FDBCF /* Screen Shot 2017-10-14 at 5.56.23 PM.png in Resources */,
				7039BA6C1F91DCDB00A529A1 /* Main.storyboard in Resources */,
			);
			runOnlyForDeploymentPostprocessing = 0;
		};
		7039BA771F91DCDB00A529A1 /* Resources */ = {
			isa = PBXResourcesBuildPhase;
			buildActionMask = 2147483647;
			files = (
			);
			runOnlyForDeploymentPostprocessing = 0;
		};
		7039BA821F91DCDC00A529A1 /* Resources */ = {
			isa = PBXResourcesBuildPhase;
			buildActionMask = 2147483647;
			files = (
			);
			runOnlyForDeploymentPostprocessing = 0;
		};
/* End PBXResourcesBuildPhase section */

/* Begin PBXSourcesBuildPhase section */
		7039BA5D1F91DCDB00A529A1 /* Sources */ = {
			isa = PBXSourcesBuildPhase;
			buildActionMask = 2147483647;
			files = (
				E60DE86C1F92131C0006C5FC /* RenterPayment.m in Sources */,
				E60DE8631F9212E00006C5FC /* RenterHome.m in Sources */,
				E661EE171F9263F9004626DE /* PropertyCells.m in Sources */,
				70F9C92A1F92A9670031FF0B /* ContractCells.m in Sources */,
				7039BA691F91DCDB00A529A1 /* ViewController.m in Sources */,
				704933FA1F9298FE004DA1A0 /* Utility.m in Sources */,
				E60DE85A1F9212930006C5FC /* RecieveCommunicationsSpecific.m in Sources */,
				7039BA741F91DCDB00A529A1 /* main.m in Sources */,
				70F9C9271F92A8950031FF0B /* Notification.m in Sources */,
				E60DE84E1F9212300006C5FC /* PropertyView.m in Sources */,
				E60DE8511F92124C0006C5FC /* SpecificPropertyExpenses.m in Sources */,
				E60DE8661F9212F30006C5FC /* RenterPaperwork.m in Sources */,
				E60DE8601F9212C80006C5FC /* PastContracts.m in Sources */,
				E60DE84B1F9211FA0006C5FC /* CreateProperty.m in Sources */,
				70F9C9211F92A8690031FF0B /* Contract.m in Sources */,
				E61FBFE81F92B7C8004FDBCF /* PastContractCell.m in Sources */,
				E61FBFE21F92B3B4004FDBCF /* ExpensesCells.m in Sources */,
				E60DE8541F9212730006C5FC /* SendCommunication.m in Sources */,
				E60DE8481F9211CE0006C5FC /* ManagerHome.m in Sources */,
				E60DE8781F922B250006C5FC /* ManagerExpenses.m in Sources */,
				E60DE86F1F92132C0006C5FC /* RenterActualPayments.m in Sources */,
				70F9C91E1F92A8510031FF0B /* Property.m in Sources */,
				70F9C9301F92A98F0031FF0B /* NotificationCells.m in Sources */,
				E60DE85D1F9212B70006C5FC /* PropertyContract.m in Sources */,
				E60DE8451F9211830006C5FC /* Initial.m in Sources */,
				70F9C9241F92A87E0031FF0B /* Expense.m in Sources */,
				E60DE8571F9212840006C5FC /* RecieveCommunicationsList.m in Sources */,
				E61FBFE51F92B73D004FDBCF /* NotificationsCell.m in Sources */,
				7039BA661F91DCDB00A529A1 /* AppDelegate.m in Sources */,
				70F9C92D1F92A97B0031FF0B /* ExpenseCells.m in Sources */,
				E60DE8691F92130B0006C5FC /* RenterNoProperty.m in Sources */,
			);
			runOnlyForDeploymentPostprocessing = 0;
		};
		7039BA751F91DCDB00A529A1 /* Sources */ = {
			isa = PBXSourcesBuildPhase;
			buildActionMask = 2147483647;
			files = (
				7039BA7E1F91DCDB00A529A1 /* ReCoTests.m in Sources */,
			);
			runOnlyForDeploymentPostprocessing = 0;
		};
		7039BA801F91DCDC00A529A1 /* Sources */ = {
			isa = PBXSourcesBuildPhase;
			buildActionMask = 2147483647;
			files = (
				7039BA891F91DCDC00A529A1 /* ReCoUITests.m in Sources */,
			);
			runOnlyForDeploymentPostprocessing = 0;
		};
/* End PBXSourcesBuildPhase section */

/* Begin PBXTargetDependency section */
		7039BA7B1F91DCDB00A529A1 /* PBXTargetDependency */ = {
			isa = PBXTargetDependency;
			target = 7039BA601F91DCDB00A529A1 /* ReCo */;
			targetProxy = 7039BA7A1F91DCDB00A529A1 /* PBXContainerItemProxy */;
		};
		7039BA861F91DCDC00A529A1 /* PBXTargetDependency */ = {
			isa = PBXTargetDependency;
			target = 7039BA601F91DCDB00A529A1 /* ReCo */;
			targetProxy = 7039BA851F91DCDC00A529A1 /* PBXContainerItemProxy */;
		};
/* End PBXTargetDependency section */

/* Begin PBXVariantGroup section */
		7039BA6A1F91DCDB00A529A1 /* Main.storyboard */ = {
			isa = PBXVariantGroup;
			children = (
				7039BA6B1F91DCDB00A529A1 /* Base */,
			);
			name = Main.storyboard;
			sourceTree = "<group>";
		};
		7039BA6F1F91DCDB00A529A1 /* LaunchScreen.storyboard */ = {
			isa = PBXVariantGroup;
			children = (
				7039BA701F91DCDB00A529A1 /* Base */,
			);
			name = LaunchScreen.storyboard;
			sourceTree = "<group>";
		};
/* End PBXVariantGroup section */

/* Begin XCBuildConfiguration section */
		7039BA8B1F91DCDC00A529A1 /* Debug */ = {
			isa = XCBuildConfiguration;
			buildSettings = {
				ALWAYS_SEARCH_USER_PATHS = NO;
				CLANG_ANALYZER_NONNULL = YES;
				CLANG_ANALYZER_NUMBER_OBJECT_CONVERSION = YES_AGGRESSIVE;
				CLANG_CXX_LANGUAGE_STANDARD = "gnu++14";
				CLANG_CXX_LIBRARY = "libc++";
				CLANG_ENABLE_MODULES = YES;
				CLANG_ENABLE_OBJC_ARC = YES;
				CLANG_WARN_BLOCK_CAPTURE_AUTORELEASING = YES;
				CLANG_WARN_BOOL_CONVERSION = YES;
				CLANG_WARN_COMMA = YES;
				CLANG_WARN_CONSTANT_CONVERSION = YES;
				CLANG_WARN_DIRECT_OBJC_ISA_USAGE = YES_ERROR;
				CLANG_WARN_DOCUMENTATION_COMMENTS = YES;
				CLANG_WARN_EMPTY_BODY = YES;
				CLANG_WARN_ENUM_CONVERSION = YES;
				CLANG_WARN_INFINITE_RECURSION = YES;
				CLANG_WARN_INT_CONVERSION = YES;
				CLANG_WARN_NON_LITERAL_NULL_CONVERSION = YES;
				CLANG_WARN_OBJC_LITERAL_CONVERSION = YES;
				CLANG_WARN_OBJC_ROOT_CLASS = YES_ERROR;
				CLANG_WARN_RANGE_LOOP_ANALYSIS = YES;
				CLANG_WARN_STRICT_PROTOTYPES = YES;
				CLANG_WARN_SUSPICIOUS_MOVE = YES;
				CLANG_WARN_UNGUARDED_AVAILABILITY = YES_AGGRESSIVE;
				CLANG_WARN_UNREACHABLE_CODE = YES;
				CLANG_WARN__DUPLICATE_METHOD_MATCH = YES;
				CODE_SIGN_IDENTITY = "iPhone Developer";
				COPY_PHASE_STRIP = NO;
				DEBUG_INFORMATION_FORMAT = dwarf;
				ENABLE_STRICT_OBJC_MSGSEND = YES;
				ENABLE_TESTABILITY = YES;
				GCC_C_LANGUAGE_STANDARD = gnu11;
				GCC_DYNAMIC_NO_PIC = NO;
				GCC_NO_COMMON_BLOCKS = YES;
				GCC_OPTIMIZATION_LEVEL = 0;
				GCC_PREPROCESSOR_DEFINITIONS = (
					"DEBUG=1",
					"$(inherited)",
				);
				GCC_WARN_64_TO_32_BIT_CONVERSION = YES;
				GCC_WARN_ABOUT_RETURN_TYPE = YES_ERROR;
				GCC_WARN_UNDECLARED_SELECTOR = YES;
				GCC_WARN_UNINITIALIZED_AUTOS = YES_AGGRESSIVE;
				GCC_WARN_UNUSED_FUNCTION = YES;
				GCC_WARN_UNUSED_VARIABLE = YES;
				IPHONEOS_DEPLOYMENT_TARGET = 11.0;
				MTL_ENABLE_DEBUG_INFO = YES;
				ONLY_ACTIVE_ARCH = YES;
				SDKROOT = iphoneos;
			};
			name = Debug;
		};
		7039BA8C1F91DCDC00A529A1 /* Release */ = {
			isa = XCBuildConfiguration;
			buildSettings = {
				ALWAYS_SEARCH_USER_PATHS = NO;
				CLANG_ANALYZER_NONNULL = YES;
				CLANG_ANALYZER_NUMBER_OBJECT_CONVERSION = YES_AGGRESSIVE;
				CLANG_CXX_LANGUAGE_STANDARD = "gnu++14";
				CLANG_CXX_LIBRARY = "libc++";
				CLANG_ENABLE_MODULES = YES;
				CLANG_ENABLE_OBJC_ARC = YES;
				CLANG_WARN_BLOCK_CAPTURE_AUTORELEASING = YES;
				CLANG_WARN_BOOL_CONVERSION = YES;
				CLANG_WARN_COMMA = YES;
				CLANG_WARN_CONSTANT_CONVERSION = YES;
				CLANG_WARN_DIRECT_OBJC_ISA_USAGE = YES_ERROR;
				CLANG_WARN_DOCUMENTATION_COMMENTS = YES;
				CLANG_WARN_EMPTY_BODY = YES;
				CLANG_WARN_ENUM_CONVERSION = YES;
				CLANG_WARN_INFINITE_RECURSION = YES;
				CLANG_WARN_INT_CONVERSION = YES;
				CLANG_WARN_NON_LITERAL_NULL_CONVERSION = YES;
				CLANG_WARN_OBJC_LITERAL_CONVERSION = YES;
				CLANG_WARN_OBJC_ROOT_CLASS = YES_ERROR;
				CLANG_WARN_RANGE_LOOP_ANALYSIS = YES;
				CLANG_WARN_STRICT_PROTOTYPES = YES;
				CLANG_WARN_SUSPICIOUS_MOVE = YES;
				CLANG_WARN_UNGUARDED_AVAILABILITY = YES_AGGRESSIVE;
				CLANG_WARN_UNREACHABLE_CODE = YES;
				CLANG_WARN__DUPLICATE_METHOD_MATCH = YES;
				CODE_SIGN_IDENTITY = "iPhone Developer";
				COPY_PHASE_STRIP = NO;
				DEBUG_INFORMATION_FORMAT = "dwarf-with-dsym";
				ENABLE_NS_ASSERTIONS = NO;
				ENABLE_STRICT_OBJC_MSGSEND = YES;
				GCC_C_LANGUAGE_STANDARD = gnu11;
				GCC_NO_COMMON_BLOCKS = YES;
				GCC_WARN_64_TO_32_BIT_CONVERSION = YES;
				GCC_WARN_ABOUT_RETURN_TYPE = YES_ERROR;
				GCC_WARN_UNDECLARED_SELECTOR = YES;
				GCC_WARN_UNINITIALIZED_AUTOS = YES_AGGRESSIVE;
				GCC_WARN_UNUSED_FUNCTION = YES;
				GCC_WARN_UNUSED_VARIABLE = YES;
				IPHONEOS_DEPLOYMENT_TARGET = 11.0;
				MTL_ENABLE_DEBUG_INFO = NO;
				SDKROOT = iphoneos;
				VALIDATE_PRODUCT = YES;
			};
			name = Release;
		};
		7039BA8E1F91DCDC00A529A1 /* Debug */ = {
			isa = XCBuildConfiguration;
			buildSettings = {
				ASSETCATALOG_COMPILER_APPICON_NAME = AppIcon;
				CODE_SIGN_STYLE = Automatic;
				INFOPLIST_FILE = ReCo/Info.plist;
				LD_RUNPATH_SEARCH_PATHS = "$(inherited) @executable_path/Frameworks";
				PRODUCT_BUNDLE_IDENTIFIER = testing.ReCo;
				PRODUCT_NAME = "$(TARGET_NAME)";
				TARGETED_DEVICE_FAMILY = "1,2";
			};
			name = Debug;
		};
		7039BA8F1F91DCDC00A529A1 /* Release */ = {
			isa = XCBuildConfiguration;
			buildSettings = {
				ASSETCATALOG_COMPILER_APPICON_NAME = AppIcon;
				CODE_SIGN_STYLE = Automatic;
				INFOPLIST_FILE = ReCo/Info.plist;
				LD_RUNPATH_SEARCH_PATHS = "$(inherited) @executable_path/Frameworks";
				PRODUCT_BUNDLE_IDENTIFIER = testing.ReCo;
				PRODUCT_NAME = "$(TARGET_NAME)";
				TARGETED_DEVICE_FAMILY = "1,2";
			};
			name = Release;
		};
		7039BA911F91DCDC00A529A1 /* Debug */ = {
			isa = XCBuildConfiguration;
			buildSettings = {
				BUNDLE_LOADER = "$(TEST_HOST)";
				CODE_SIGN_STYLE = Automatic;
				INFOPLIST_FILE = ReCoTests/Info.plist;
				LD_RUNPATH_SEARCH_PATHS = "$(inherited) @executable_path/Frameworks @loader_path/Frameworks";
				PRODUCT_BUNDLE_IDENTIFIER = testing.ReCoTests;
				PRODUCT_NAME = "$(TARGET_NAME)";
				TARGETED_DEVICE_FAMILY = "1,2";
				TEST_HOST = "$(BUILT_PRODUCTS_DIR)/ReCo.app/ReCo";
			};
			name = Debug;
		};
		7039BA921F91DCDC00A529A1 /* Release */ = {
			isa = XCBuildConfiguration;
			buildSettings = {
				BUNDLE_LOADER = "$(TEST_HOST)";
				CODE_SIGN_STYLE = Automatic;
				INFOPLIST_FILE = ReCoTests/Info.plist;
				LD_RUNPATH_SEARCH_PATHS = "$(inherited) @executable_path/Frameworks @loader_path/Frameworks";
				PRODUCT_BUNDLE_IDENTIFIER = testing.ReCoTests;
				PRODUCT_NAME = "$(TARGET_NAME)";
				TARGETED_DEVICE_FAMILY = "1,2";
				TEST_HOST = "$(BUILT_PRODUCTS_DIR)/ReCo.app/ReCo";
			};
			name = Release;
		};
		7039BA941F91DCDC00A529A1 /* Debug */ = {
			isa = XCBuildConfiguration;
			buildSettings = {
				CODE_SIGN_STYLE = Automatic;
				INFOPLIST_FILE = ReCoUITests/Info.plist;
				LD_RUNPATH_SEARCH_PATHS = "$(inherited) @executable_path/Frameworks @loader_path/Frameworks";
				PRODUCT_BUNDLE_IDENTIFIER = testing.ReCoUITests;
				PRODUCT_NAME = "$(TARGET_NAME)";
				TARGETED_DEVICE_FAMILY = "1,2";
				TEST_TARGET_NAME = ReCo;
			};
			name = Debug;
		};
		7039BA951F91DCDC00A529A1 /* Release */ = {
			isa = XCBuildConfiguration;
			buildSettings = {
				CODE_SIGN_STYLE = Automatic;
				INFOPLIST_FILE = ReCoUITests/Info.plist;
				LD_RUNPATH_SEARCH_PATHS = "$(inherited) @executable_path/Frameworks @loader_path/Frameworks";
				PRODUCT_BUNDLE_IDENTIFIER = testing.ReCoUITests;
				PRODUCT_NAME = "$(TARGET_NAME)";
				TARGETED_DEVICE_FAMILY = "1,2";
				TEST_TARGET_NAME = ReCo;
			};
			name = Release;
		};
/* End XCBuildConfiguration section */

/* Begin XCConfigurationList section */
		7039BA5C1F91DCDB00A529A1 /* Build configuration list for PBXProject "ReCo" */ = {
			isa = XCConfigurationList;
			buildConfigurations = (
				7039BA8B1F91DCDC00A529A1 /* Debug */,
				7039BA8C1F91DCDC00A529A1 /* Release */,
			);
			defaultConfigurationIsVisible = 0;
			defaultConfigurationName = Release;
		};
		7039BA8D1F91DCDC00A529A1 /* Build configuration list for PBXNativeTarget "ReCo" */ = {
			isa = XCConfigurationList;
			buildConfigurations = (
				7039BA8E1F91DCDC00A529A1 /* Debug */,
				7039BA8F1F91DCDC00A529A1 /* Release */,
			);
			defaultConfigurationIsVisible = 0;
			defaultConfigurationName = Release;
		};
		7039BA901F91DCDC00A529A1 /* Build configuration list for PBXNativeTarget "ReCoTests" */ = {
			isa = XCConfigurationList;
			buildConfigurations = (
				7039BA911F91DCDC00A529A1 /* Debug */,
				7039BA921F91DCDC00A529A1 /* Release */,
			);
			defaultConfigurationIsVisible = 0;
			defaultConfigurationName = Release;
		};
		7039BA931F91DCDC00A529A1 /* Build configuration list for PBXNativeTarget "ReCoUITests" */ = {
			isa = XCConfigurationList;
			buildConfigurations = (
				7039BA941F91DCDC00A529A1 /* Debug */,
				7039BA951F91DCDC00A529A1 /* Release */,
			);
			defaultConfigurationIsVisible = 0;
			defaultConfigurationName = Release;
		};
/* End XCConfigurationList section */
	};
	rootObject = 7039BA591F91DCDB00A529A1 /* Project object */;
}
